
Microsoft Visual Studio Solution File, Format Version 12.00
# Visual Studio Version 17
VisualStudioVersion = 17.9.34616.47
MinimumVisualStudioVersion = 10.0.40219.1
Project("{8BC9CEB8-8B4A-11D0-8D11-00A0C91BC942}") = "AlgorithmaSearch_0131", "AlgorithmaSearch_0131\AlgorithmaSearch_0131.vcxproj", "{8753330D-23FA-47A3-887A-B01D68C89D50}"
EndProject
Global
	GlobalSection(SolutionConfigurationPlatforms) = preSolution
		Debug|x64 = Debug|x64
		Debug|x86 = Debug|x86
		Release|x64 = Release|x64
		Release|x86 = Release|x86
	EndGlobalSection
	GlobalSection(ProjectConfigurationPlatforms) = postSolution
		{8753330D-23FA-47A3-887A-B01D68C89D50}.Debug|x64.ActiveCfg = Debug|x64
		{8753330D-23FA-47A3-887A-B01D68C89D50}.Debug|x64.Build.0 = Debug|x64
		{8753330D-23FA-47A3-887A-B01D68C89D50}.Debug|x86.ActiveCfg = Debug|Win32
		{8753330D-23FA-47A3-887A-B01D68C89D50}.Debug|x86.Build.0 = Debug|Win32
		{8753330D-23FA-47A3-887A-B01D68C89D50}.Release|x64.ActiveCfg = Release|x64
		{8753330D-23FA-47A3-887A-B01D68C89D50}.Release|x64.Build.0 = Release|x64
		{8753330D-23FA-47A3-887A-B01D68C89D50}.Release|x86.ActiveCfg = Release|Win32
		{8753330D-23FA-47A3-887A-B01D68C89D50}.Release|x86.Build.0 = Release|Win32
	EndGlobalSection
	GlobalSection(SolutionProperties) = preSolution
		HideSolutionNode = FALSE
	EndGlobalSection
	GlobalSection(ExtensibilityGlobals) = postSolution
		SolutionGuid = {5C96B732-0D33-4306-B398-5C3C44A9880E}
	EndGlobalSection
EndGlobal
